
Microsoft Visual Studio Solution File, Format Version 12.00
# Visual Studio Version 17
VisualStudioVersion = 17.8.34601.278
MinimumVisualStudioVersion = 10.0.40219.1
Project("{9A19103F-16F7-4668-BE54-9A1E7A4F7556}") = "Crypto.API", "Crypto.API\Crypto.API.csproj", "{750D2FF3-0FC2-4119-8F8F-14B30E370363}"
EndProject
Global
	GlobalSection(SolutionConfigurationPlatforms) = preSolution
		Debug|Any CPU = Debug|Any CPU
		Release|Any CPU = Release|Any CPU
	EndGlobalSection
	GlobalSection(ProjectConfigurationPlatforms) = postSolution
		{750D2FF3-0FC2-4119-8F8F-14B30E370363}.Debug|Any CPU.ActiveCfg = Debug|Any CPU
		{750D2FF3-0FC2-4119-8F8F-14B30E370363}.Debug|Any CPU.Build.0 = Debug|Any CPU
		{750D2FF3-0FC2-4119-8F8F-14B30E370363}.Release|Any CPU.ActiveCfg = Release|Any CPU
		{750D2FF3-0FC2-4119-8F8F-14B30E370363}.Release|Any CPU.Build.0 = Release|Any CPU
	EndGlobalSection
	GlobalSection(SolutionProperties) = preSolution
		HideSolutionNode = FALSE
	EndGlobalSection
	GlobalSection(ExtensibilityGlobals) = postSolution
		SolutionGuid = {A6135796-211E-44C3-83A9-41B7663C09C1}
	EndGlobalSection
EndGlobal
